# THIS IS AN AUTOGENERATED FILE. DO NOT EDIT THIS FILE DIRECTLY.
# yarn lockfile v1


algoritool@^0.1.0:
  version "0.1.0"
  resolved "https://registry.yarnpkg.com/algoritool/-/algoritool-0.1.0.tgz#9a9e6853e907d2398cf61cbb7cb05c8b2f006f25"
  integrity sha512-th7hS9kK8FOAkEDA+GWicz3gwrMqucU+i3Yt+0o2YDn3RwmMw4s97Zao2j8XYGBpnwE48rCL8uduHL+GvkIu8w==
  dependencies:
    user "0.0.0"

user@0.0.0:
  version "0.0.0"
  resolved "https://registry.yarnpkg.com/user/-/user-0.0.0.tgz#f27f1b23fc511f2a8efa40db55cfba123824e02a"
  integrity sha1-8n8bI/xRHyqO+kDbVc+6Ejgk4Co=
