# THIS IS AN AUTOGENERATED FILE. DO NOT EDIT THIS FILE DIRECTLY.
# yarn lockfile v1


algoritool@^0.1.9:
  version "0.1.9"
  resolved "https://registry.yarnpkg.com/algoritool/-/algoritool-0.1.9.tgz#197ca7b9018f1f39cff9229050499a34a6435727"
  integrity sha512-ZMhyKHw+2qxYujUqlR3d1oCfRvZB7lUBwx/iA6URE+aLGlnWOVCBj0cWb+BTOrJsfrNUDYD11US3hfOMxP2QAA==
  dependencies:
    user "0.0.0"

user@0.0.0:
  version "0.0.0"
  resolved "https://registry.yarnpkg.com/user/-/user-0.0.0.tgz#f27f1b23fc511f2a8efa40db55cfba123824e02a"
  integrity sha1-8n8bI/xRHyqO+kDbVc+6Ejgk4Co=
